
Microsoft Visual Studio Solution File, Format Version 12.00
# Visual Studio Version 17
VisualStudioVersion = 17.0.31903.59
MinimumVisualStudioVersion = 10.0.40219.1
Project("{FAE04EC0-301F-11D3-BF4B-00C04F79EFBC}") = "GPTEnglishCoachingApp", "GPTEnglishCoachingApp\GPTEnglishCoachingApp.csproj", "{435C3508-E81A-47C8-9252-B458AD215C5B}"
EndProject
Global
	GlobalSection(SolutionConfigurationPlatforms) = preSolution
		Debug|Any CPU = Debug|Any CPU
		Release|Any CPU = Release|Any CPU
	EndGlobalSection
	GlobalSection(SolutionProperties) = preSolution
		HideSolutionNode = FALSE
	EndGlobalSection
	GlobalSection(ProjectConfigurationPlatforms) = postSolution
		{435C3508-E81A-47C8-9252-B458AD215C5B}.Debug|Any CPU.ActiveCfg = Debug|Any CPU
		{435C3508-E81A-47C8-9252-B458AD215C5B}.Debug|Any CPU.Build.0 = Debug|Any CPU
		{435C3508-E81A-47C8-9252-B458AD215C5B}.Release|Any CPU.ActiveCfg = Release|Any CPU
		{435C3508-E81A-47C8-9252-B458AD215C5B}.Release|Any CPU.Build.0 = Release|Any CPU
	EndGlobalSection
EndGlobal
